// !$*UTF8*$!
{
	archiveVersion = 1;
	classes = {
	};
	objectVersion = 46;
	objects = {

/* Begin PBXBuildFile section */
		FDADE2711B451CDA009C60F7 /* AppDelegate.swift in Sources */ = {isa = PBXBuildFile; fileRef = FDADE2701B451CDA009C60F7 /* AppDelegate.swift */; };
		FDADE2731B451CDA009C60F7 /* ViewController.swift in Sources */ = {isa = PBXBuildFile; fileRef = FDADE2721B451CDA009C60F7 /* ViewController.swift */; };
		FDADE2781B451CDA009C60F7 /* Images.xcassets in Resources */ = {isa = PBXBuildFile; fileRef = FDADE2771B451CDA009C60F7 /* Images.xcassets */; };
		FDADE27B1B451CDA009C60F7 /* LaunchScreen.xib in Resources */ = {isa = PBXBuildFile; fileRef = FDADE2791B451CDA009C60F7 /* LaunchScreen.xib */; };
		FDADE2871B451CDA009C60F7 /* TrackOrderDJTests.swift in Sources */ = {isa = PBXBuildFile; fileRef = FDADE2861B451CDA009C60F7 /* TrackOrderDJTests.swift */; };
		FDADE2911B452E4D009C60F7 /* Main.storyboard in Resources */ = {isa = PBXBuildFile; fileRef = FDADE2901B452E4D009C60F7 /* Main.storyboard */; };
/* End PBXBuildFile section */

/* Begin PBXContainerItemProxy section */
		FDADE2811B451CDA009C60F7 /* PBXContainerItemProxy */ = {
			isa = PBXContainerItemProxy;
			containerPortal = FDADE2631B451CDA009C60F7 /* Project object */;
			proxyType = 1;
			remoteGlobalIDString = FDADE26A1B451CDA009C60F7;
			remoteInfo = TrackOrderDJ;
		};
/* End PBXContainerItemProxy section */

/* Begin PBXFileReference section */
		FDADE26B1B451CDA009C60F7 /* TrackOrderDJ.app */ = {isa = PBXFileReference; explicitFileType = wrapper.application; includeInIndex = 0; path = TrackOrderDJ.app; sourceTree = BUILT_PRODUCTS_DIR; };
		FDADE26F1B451CDA009C60F7 /* Info.plist */ = {isa = PBXFileReference; lastKnownFileType = text.plist.xml; path = Info.plist; sourceTree = "<group>"; };
		FDADE2701B451CDA009C60F7 /* AppDelegate.swift */ = {isa = PBXFileReference; lastKnownFileType = sourcecode.swift; path = AppDelegate.swift; sourceTree = "<group>"; };
		FDADE2721B451CDA009C60F7 /* ViewController.swift */ = {isa = PBXFileReference; lastKnownFileType = sourcecode.swift; path = ViewController.swift; sourceTree = "<group>"; };
		FDADE2771B451CDA009C60F7 /* Images.xcassets */ = {isa = PBXFileReference; lastKnownFileType = folder.assetcatalog; path = Images.xcassets; sourceTree = "<group>"; };
		FDADE27A1B451CDA009C60F7 /* Base */ = {isa = PBXFileReference; lastKnownFileType = file.xib; name = Base; path = Base.lproj/LaunchScreen.xib; sourceTree = "<group>"; };
		FDADE2801B451CDA009C60F7 /* TrackOrderDJTests.xctest */ = {isa = PBXFileReference; explicitFileType = wrapper.cfbundle; includeInIndex = 0; path = TrackOrderDJTests.xctest; sourceTree = BUILT_PRODUCTS_DIR; };
		FDADE2851B451CDA009C60F7 /* Info.plist */ = {isa = PBXFileReference; lastKnownFileType = text.plist.xml; path = Info.plist; sourceTree = "<group>"; };
		FDADE2861B451CDA009C60F7 /* TrackOrderDJTests.swift */ = {isa = PBXFileReference; lastKnownFileType = sourcecode.swift; path = TrackOrderDJTests.swift; sourceTree = "<group>"; };
		FDADE2901B452E4D009C60F7 /* Main.storyboard */ = {isa = PBXFileReference; fileEncoding = 4; lastKnownFileType = file.storyboard; name = Main.storyboard; path = ../../Main.storyboard; sourceTree = "<group>"; };
/* End PBXFileReference section */

/* Begin PBXFrameworksBuildPhase section */
		FDADE2681B451CDA009C60F7 /* Frameworks */ = {
			isa = PBXFrameworksBuildPhase;
			buildActionMask = 2147483647;
			files = (
			);
			runOnlyForDeploymentPostprocessing = 0;
		};
		FDADE27D1B451CDA009C60F7 /* Frameworks */ = {
			isa = PBXFrameworksBuildPhase;
			buildActionMask = 2147483647;
			files = (
			);
			runOnlyForDeploymentPostprocessing = 0;
		};
/* End PBXFrameworksBuildPhase section */

/* Begin PBXGroup section */
		FDADE2621B451CDA009C60F7 = {
			isa = PBXGroup;
			children = (
				FDADE26D1B451CDA009C60F7 /* TrackOrderDJ */,
				FDADE2831B451CDA009C60F7 /* TrackOrderDJTests */,
				FDADE26C1B451CDA009C60F7 /* Products */,
			);
			sourceTree = "<group>";
		};
		FDADE26C1B451CDA009C60F7 /* Products */ = {
			isa = PBXGroup;
			children = (
				FDADE26B1B451CDA009C60F7 /* TrackOrderDJ.app */,
				FDADE2801B451CDA009C60F7 /* TrackOrderDJTests.xctest */,
			);
			name = Products;
			sourceTree = "<group>";
		};
		FDADE26D1B451CDA009C60F7 /* TrackOrderDJ */ = {
			isa = PBXGroup;
			children = (
				FDADE2701B451CDA009C60F7 /* AppDelegate.swift */,
				FDADE2721B451CDA009C60F7 /* ViewController.swift */,
				FDADE2901B452E4D009C60F7 /* Main.storyboard */,
				FDADE2771B451CDA009C60F7 /* Images.xcassets */,
				FDADE2791B451CDA009C60F7 /* LaunchScreen.xib */,
				FDADE26E1B451CDA009C60F7 /* Supporting Files */,
			);
			path = TrackOrderDJ;
			sourceTree = "<group>";
		};
		FDADE26E1B451CDA009C60F7 /* Supporting Files */ = {
			isa = PBXGroup;
			children = (
				FDADE26F1B451CDA009C60F7 /* Info.plist */,
			);
			name = "Supporting Files";
			sourceTree = "<group>";
		};
		FDADE2831B451CDA009C60F7 /* TrackOrderDJTests */ = {
			isa = PBXGroup;
			children = (
				FDADE2861B451CDA009C60F7 /* TrackOrderDJTests.swift */,
				FDADE2841B451CDA009C60F7 /* Supporting Files */,
			);
			path = TrackOrderDJTests;
			sourceTree = "<group>";
		};
		FDADE2841B451CDA009C60F7 /* Supporting Files */ = {
			isa = PBXGroup;
			children = (
				FDADE2851B451CDA009C60F7 /* Info.plist */,
			);
			name = "Supporting Files";
			sourceTree = "<group>";
		};
/* End PBXGroup section */

/* Begin PBXNativeTarget section */
		FDADE26A1B451CDA009C60F7 /* TrackOrderDJ */ = {
			isa = PBXNativeTarget;
			buildConfigurationList = FDADE28A1B451CDA009C60F7 /* Build configuration list for PBXNativeTarget "TrackOrderDJ" */;
			buildPhases = (
				FDADE2671B451CDA009C60F7 /* Sources */,
				FDADE2681B451CDA009C60F7 /* Frameworks */,
				FDADE2691B451CDA009C60F7 /* Resources */,
			);
			buildRules = (
			);
			dependencies = (
			);
			name = TrackOrderDJ;
			productName = TrackOrderDJ;
			productReference = FDADE26B1B451CDA009C60F7 /* TrackOrderDJ.app */;
			productType = "com.apple.product-type.application";
		};
		FDADE27F1B451CDA009C60F7 /* TrackOrderDJTests */ = {
			isa = PBXNativeTarget;
			buildConfigurationList = FDADE28D1B451CDA009C60F7 /* Build configuration list for PBXNativeTarget "TrackOrderDJTests" */;
			buildPhases = (
				FDADE27C1B451CDA009C60F7 /* Sources */,
				FDADE27D1B451CDA009C60F7 /* Frameworks */,
				FDADE27E1B451CDA009C60F7 /* Resources */,
			);
			buildRules = (
			);
			dependencies = (
				FDADE2821B451CDA009C60F7 /* PBXTargetDependency */,
			);
			name = TrackOrderDJTests;
			productName = TrackOrderDJTests;
			productReference = FDADE2801B451CDA009C60F7 /* TrackOrderDJTests.xctest */;
			productType = "com.apple.product-type.bundle.unit-test";
		};
/* End PBXNativeTarget section */

/* Begin PBXProject section */
		FDADE2631B451CDA009C60F7 /* Project object */ = {
			isa = PBXProject;
			attributes = {
				LastUpgradeCheck = 0630;
				ORGANIZATIONNAME = Blisslogix;
				TargetAttributes = {
					FDADE26A1B451CDA009C60F7 = {
						CreatedOnToolsVersion = 6.3.2;
					};
					FDADE27F1B451CDA009C60F7 = {
						CreatedOnToolsVersion = 6.3.2;
						TestTargetID = FDADE26A1B451CDA009C60F7;
					};
				};
			};
			buildConfigurationList = FDADE2661B451CDA009C60F7 /* Build configuration list for PBXProject "TrackOrderDJ" */;
			compatibilityVersion = "Xcode 3.2";
			developmentRegion = English;
			hasScannedForEncodings = 0;
			knownRegions = (
				en,
				Base,
			);
			mainGroup = FDADE2621B451CDA009C60F7;
			productRefGroup = FDADE26C1B451CDA009C60F7 /* Products */;
			projectDirPath = "";
			projectRoot = "";
			targets = (
				FDADE26A1B451CDA009C60F7 /* TrackOrderDJ */,
				FDADE27F1B451CDA009C60F7 /* TrackOrderDJTests */,
			);
		};
/* End PBXProject section */

/* Begin PBXResourcesBuildPhase section */
		FDADE2691B451CDA009C60F7 /* Resources */ = {
			isa = PBXResourcesBuildPhase;
			buildActionMask = 2147483647;
			files = (
				FDADE27B1B451CDA009C60F7 /* LaunchScreen.xib in Resources */,
				FDADE2911B452E4D009C60F7 /* Main.storyboard in Resources */,
				FDADE2781B451CDA009C60F7 /* Images.xcassets in Resources */,
			);
			runOnlyForDeploymentPostprocessing = 0;
		};
		FDADE27E1B451CDA009C60F7 /* Resources */ = {
			isa = PBXResourcesBuildPhase;
			buildActionMask = 2147483647;
			files = (
			);
			runOnlyForDeploymentPostprocessing = 0;
		};
/* End PBXResourcesBuildPhase section */

/* Begin PBXSourcesBuildPhase section */
		FDADE2671B451CDA009C60F7 /* Sources */ = {
			isa = PBXSourcesBuildPhase;
			buildActionMask = 2147483647;
			files = (
				FDADE2731B451CDA009C60F7 /* ViewController.swift in Sources */,
				FDADE2711B451CDA009C60F7 /* AppDelegate.swift in Sources */,
			);
			runOnlyForDeploymentPostprocessing = 0;
		};
		FDADE27C1B451CDA009C60F7 /* Sources */ = {
			isa = PBXSourcesBuildPhase;
			buildActionMask = 2147483647;
			files = (
				FDADE2871B451CDA009C60F7 /* TrackOrderDJTests.swift in Sources */,
			);
			runOnlyForDeploymentPostprocessing = 0;
		};
/* End PBXSourcesBuildPhase section */

/* Begin PBXTargetDependency section */
		FDADE2821B451CDA009C60F7 /* PBXTargetDependency */ = {
			isa = PBXTargetDependency;
			target = FDADE26A1B451CDA009C60F7 /* TrackOrderDJ */;
			targetProxy = FDADE2811B451CDA009C60F7 /* PBXContainerItemProxy */;
		};
/* End PBXTargetDependency section */

/* Begin PBXVariantGroup section */
		FDADE2791B451CDA009C60F7 /* LaunchScreen.xib */ = {
			isa = PBXVariantGroup;
			children = (
				FDADE27A1B451CDA009C60F7 /* Base */,
			);
			name = LaunchScreen.xib;
			sourceTree = "<group>";
		};
/* End PBXVariantGroup section */

/* Begin XCBuildConfiguration section */
		FDADE2881B451CDA009C60F7 /* Debug */ = {
			isa = XCBuildConfiguration;
			buildSettings = {
				ALWAYS_SEARCH_USER_PATHS = NO;
				CLANG_CXX_LANGUAGE_STANDARD = "gnu++0x";
				CLANG_CXX_LIBRARY = "libc++";
				CLANG_ENABLE_MODULES = YES;
				CLANG_ENABLE_OBJC_ARC = YES;
				CLANG_WARN_BOOL_CONVERSION = YES;
				CLANG_WARN_CONSTANT_CONVERSION = YES;
				CLANG_WARN_DIRECT_OBJC_ISA_USAGE = YES_ERROR;
				CLANG_WARN_EMPTY_BODY = YES;
				CLANG_WARN_ENUM_CONVERSION = YES;
				CLANG_WARN_INT_CONVERSION = YES;
				CLANG_WARN_OBJC_ROOT_CLASS = YES_ERROR;
				CLANG_WARN_UNREACHABLE_CODE = YES;
				CLANG_WARN__DUPLICATE_METHOD_MATCH = YES;
				"CODE_SIGN_IDENTITY[sdk=iphoneos*]" = "iPhone Developer";
				COPY_PHASE_STRIP = NO;
				DEBUG_INFORMATION_FORMAT = "dwarf-with-dsym";
				ENABLE_STRICT_OBJC_MSGSEND = YES;
				GCC_C_LANGUAGE_STANDARD = gnu99;
				GCC_DYNAMIC_NO_PIC = NO;
				GCC_NO_COMMON_BLOCKS = YES;
				GCC_OPTIMIZATION_LEVEL = 0;
				GCC_PREPROCESSOR_DEFINITIONS = (
					"DEBUG=1",
					"$(inherited)",
				);
				GCC_SYMBOLS_PRIVATE_EXTERN = NO;
				GCC_WARN_64_TO_32_BIT_CONVERSION = YES;
				GCC_WARN_ABOUT_RETURN_TYPE = YES_ERROR;
				GCC_WARN_UNDECLARED_SELECTOR = YES;
				GCC_WARN_UNINITIALIZED_AUTOS = YES_AGGRESSIVE;
				GCC_WARN_UNUSED_FUNCTION = YES;
				GCC_WARN_UNUSED_VARIABLE = YES;
				IPHONEOS_DEPLOYMENT_TARGET = 8.3;
				MTL_ENABLE_DEBUG_INFO = YES;
				ONLY_ACTIVE_ARCH = YES;
				SDKROOT = iphoneos;
				SWIFT_OPTIMIZATION_LEVEL = "-Onone";
				TARGETED_DEVICE_FAMILY = "1,2";
			};
			name = Debug;
		};
		FDADE2891B451CDA009C60F7 /* Release */ = {
			isa = XCBuildConfiguration;
			buildSettings = {
				ALWAYS_SEARCH_USER_PATHS = NO;
				CLANG_CXX_LANGUAGE_STANDARD = "gnu++0x";
				CLANG_CXX_LIBRARY = "libc++";
				CLANG_ENABLE_MODULES = YES;
				CLANG_ENABLE_OBJC_ARC = YES;
				CLANG_WARN_BOOL_CONVERSION = YES;
				CLANG_WARN_CONSTANT_CONVERSION = YES;
				CLANG_WARN_DIRECT_OBJC_ISA_USAGE = YES_ERROR;
				CLANG_WARN_EMPTY_BODY = YES;
				CLANG_WARN_ENUM_CONVERSION = YES;
				CLANG_WARN_INT_CONVERSION = YES;
				CLANG_WARN_OBJC_ROOT_CLASS = YES_ERROR;
				CLANG_WARN_UNREACHABLE_CODE = YES;
				CLANG_WARN__DUPLICATE_METHOD_MATCH = YES;
				"CODE_SIGN_IDENTITY[sdk=iphoneos*]" = "iPhone Developer";
				COPY_PHASE_STRIP = NO;
				DEBUG_INFORMATION_FORMAT = "dwarf-with-dsym";
				ENABLE_NS_ASSERTIONS = NO;
				ENABLE_STRICT_OBJC_MSGSEND = YES;
				GCC_C_LANGUAGE_STANDARD = gnu99;
				GCC_NO_COMMON_BLOCKS = YES;
				GCC_WARN_64_TO_32_BIT_CONVERSION = YES;
				GCC_WARN_ABOUT_RETURN_TYPE = YES_ERROR;
				GCC_WARN_UNDECLARED_SELECTOR = YES;
				GCC_WARN_UNINITIALIZED_AUTOS = YES_AGGRESSIVE;
				GCC_WARN_UNUSED_FUNCTION = YES;
				GCC_WARN_UNUSED_VARIABLE = YES;
				IPHONEOS_DEPLOYMENT_TARGET = 8.3;
				MTL_ENABLE_DEBUG_INFO = NO;
				SDKROOT = iphoneos;
				TARGETED_DEVICE_FAMILY = "1,2";
				VALIDATE_PRODUCT = YES;
			};
			name = Release;
		};
		FDADE28B1B451CDA009C60F7 /* Debug */ = {
			isa = XCBuildConfiguration;
			buildSettings = {
				ASSETCATALOG_COMPILER_APPICON_NAME = AppIcon;
				INFOPLIST_FILE = TrackOrderDJ/Info.plist;
				LD_RUNPATH_SEARCH_PATHS = "$(inherited) @executable_path/Frameworks";
				PRODUCT_NAME = "$(TARGET_NAME)";
			};
			name = Debug;
		};
		FDADE28C1B451CDA009C60F7 /* Release */ = {
			isa = XCBuildConfiguration;
			buildSettings = {
				ASSETCATALOG_COMPILER_APPICON_NAME = AppIcon;
				INFOPLIST_FILE = TrackOrderDJ/Info.plist;
				LD_RUNPATH_SEARCH_PATHS = "$(inherited) @executable_path/Frameworks";
				PRODUCT_NAME = "$(TARGET_NAME)";
			};
			name = Release;
		};
		FDADE28E1B451CDA009C60F7 /* Debug */ = {
			isa = XCBuildConfiguration;
			buildSettings = {
				BUNDLE_LOADER = "$(TEST_HOST)";
				FRAMEWORK_SEARCH_PATHS = (
					"$(SDKROOT)/Developer/Library/Frameworks",
					"$(inherited)",
				);
				GCC_PREPROCESSOR_DEFINITIONS = (
					"DEBUG=1",
					"$(inherited)",
				);
				INFOPLIST_FILE = TrackOrderDJTests/Info.plist;
				LD_RUNPATH_SEARCH_PATHS = "$(inherited) @executable_path/Frameworks @loader_path/Frameworks";
				PRODUCT_NAME = "$(TARGET_NAME)";
				TEST_HOST = "$(BUILT_PRODUCTS_DIR)/TrackOrderDJ.app/TrackOrderDJ";
			};
			name = Debug;
		};
		FDADE28F1B451CDA009C60F7 /* Release */ = {
			isa = XCBuildConfiguration;
			buildSettings = {
				BUNDLE_LOADER = "$(TEST_HOST)";
				FRAMEWORK_SEARCH_PATHS = (
					"$(SDKROOT)/Developer/Library/Frameworks",
					"$(inherited)",
				);
				INFOPLIST_FILE = TrackOrderDJTests/Info.plist;
				LD_RUNPATH_SEARCH_PATHS = "$(inherited) @executable_path/Frameworks @loader_path/Frameworks";
				PRODUCT_NAME = "$(TARGET_NAME)";
				TEST_HOST = "$(BUILT_PRODUCTS_DIR)/TrackOrderDJ.app/TrackOrderDJ";
			};
			name = Release;
		};
/* End XCBuildConfiguration section */

/* Begin XCConfigurationList section */
		FDADE2661B451CDA009C60F7 /* Build configuration list for PBXProject "TrackOrderDJ" */ = {
			isa = XCConfigurationList;
			buildConfigurations = (
				FDADE2881B451CDA009C60F7 /* Debug */,
				FDADE2891B451CDA009C60F7 /* Release */,
			);
			defaultConfigurationIsVisible = 0;
			defaultConfigurationName = Release;
		};
		FDADE28A1B451CDA009C60F7 /* Build configuration list for PBXNativeTarget "TrackOrderDJ" */ = {
			isa = XCConfigurationList;
			buildConfigurations = (
				FDADE28B1B451CDA009C60F7 /* Debug */,
				FDADE28C1B451CDA009C60F7 /* Release */,
			);
			defaultConfigurationIsVisible = 0;
		};
		FDADE28D1B451CDA009C60F7 /* Build configuration list for PBXNativeTarget "TrackOrderDJTests" */ = {
			isa = XCConfigurationList;
			buildConfigurations = (
				FDADE28E1B451CDA009C60F7 /* Debug */,
				FDADE28F1B451CDA009C60F7 /* Release */,
			);
			defaultConfigurationIsVisible = 0;
		};
/* End XCConfigurationList section */
	};
	rootObject = FDADE2631B451CDA009C60F7 /* Project object */;
}
